{
  "name": "wfbot",
  "version": "1.0.0",
  "lockfileVersion": 1,
  "requires": true,
  "dependencies": {
    "@slack/client": {
      "version": "4.2.0",
      "resolved": "https://registry.npmjs.org/@slack/client/-/client-4.2.0.tgz",
      "integrity": "sha512-FASaHhy8PPEN/h/eMy9edzwhaRRGfqZA8LklkBcz8z4VYrbWSYljoeup8CfFrl69Atbv4ILrRAPGefytQzoSUA==",
      "dependencies": {
        "@types/node": {
          "version": "9.6.12",
          "resolved": "https://registry.npmjs.org/@types/node/-/node-9.6.12.tgz",
          "integrity": "sha512-2Z8ziWjJbvV8hHL5YcqCG9ng+/qwUlO1gB4frBD7QI5Wm1Y1iM+AEkGVEv0S5P+aDMwTtAhPJFR4rp1uqagSig=="
        },
        "url-join": {
          "version": "4.0.0",
          "resolved": "https://registry.npmjs.org/url-join/-/url-join-4.0.0.tgz",
          "integrity": "sha1-TTNA6AfTdzvamZH4MFrNzCpmXSo="
        },
        "ws": {
          "version": "4.1.0",
          "resolved": "https://registry.npmjs.org/ws/-/ws-4.1.0.tgz",
          "integrity": "sha512-ZGh/8kF9rrRNffkLFV4AzhvooEclrOH0xaugmqGsIfFgOE/pIz4fMc4Ef+5HSQqTEug2S9JZIWDR47duDSLfaA=="
        }
      }
    },
    "botkit": {
      "version": "0.6.14",
      "resolved": "https://registry.npmjs.org/botkit/-/botkit-0.6.14.tgz",
      "integrity": "sha512-cGMpeussixY92cWPdRwaRSDiDq9bI9iIX9Ka3fkoKTanYZwT563lJz0c3DsKiGe+GnqEdYEmiWQNiZoGS39LmA==",
      "dependencies": {
        "debug": {
          "version": "3.1.0",
          "resolved": "https://registry.npmjs.org/debug/-/debug-3.1.0.tgz",
          "integrity": "sha512-OX8XqP7/1a9cqkxYw2yXss15f26NKWBpDXQd0/uK/KPqdQhxbPa994hnzjcE2VqQpDslf55723cKPUOGSmMY3g=="
        }
      }
    },
    "dotenv": {
      "version": "5.0.1",
      "resolved": "https://registry.npmjs.org/dotenv/-/dotenv-5.0.1.tgz",
      "integrity": "sha512-4As8uPrjfwb7VXC+WnLCbXK7y+Ueb2B3zgNCePYfhxS1PYeaO1YTeplffTEcbfLhvFNGLAz90VvJs9yomG7bow=="
    },
    "express": {
      "version": "4.16.3",
      "resolved": "https://registry.npmjs.org/express/-/express-4.16.3.tgz",
      "integrity": "sha1-avilAjUNsyRuzEvs9rWjTSL37VM="
    },
    "fs": {
      "version": "0.0.1-security",
      "resolved": "https://registry.npmjs.org/fs/-/fs-0.0.1-security.tgz",
      "integrity": "sha1-invTcYa23d84E/I4WLV+yq9eQdQ="
    },
    "natural": {
      "version": "0.5.6",
      "resolved": "https://registry.npmjs.org/natural/-/natural-0.5.6.tgz",
      "integrity": "sha1-8hUrYfNr78b+Dta8gR+0mebp3M0="
    },
    "node-fetch": {
      "version": "2.6.7",
      "resolved": "https://registry.npmjs.org/node-fetch/-/node-fetch-2.6.7.tgz",
      "integrity": "sha512-ZjMPFEfVx5j+y2yF35Kzx5sF7kDzxuDj6ziH4FFbOp87zKDZNx8yExJIb05OGF4Nlt9IHFIMBkRl41VdvcNdbQ==",
      "requires": {
        "whatwg-url": "^5.0.0"
      }
    },
    "request": {
      "version": "2.85.0",
      "resolved": "https://registry.npmjs.org/request/-/request-2.85.0.tgz",
      "integrity": "sha512-8H7Ehijd4js+s6wuVPLjwORxD4zeuyjYugprdOXlPSqaApmL/QOy+EB/beICHVCHkGMKNh5rvihb5ov+IDw4mg=="
    },
    "talkify": {
      "version": "2.2.0",
      "resolved": "https://registry.npmjs.org/talkify/-/talkify-2.2.0.tgz",
      "integrity": "sha1-6FCMgNjKdRoLe1k/3uoouqkqDSw="
    },
    "tr46": {
      "version": "0.0.3",
      "resolved": "https://registry.npmjs.org/tr46/-/tr46-0.0.3.tgz",
      "integrity": "sha512-N3WMsuqV66lT30CrXNbEjx4GEwlow3v6rr4mCcv6prnfwhS01rkgyFdjPNBYd9br7LpXV1+Emh01fHnq2Gdgrw=="
    },
    "webidl-conversions": {
      "version": "3.0.1",
      "resolved": "https://registry.npmjs.org/webidl-conversions/-/webidl-conversions-3.0.1.tgz",
      "integrity": "sha512-2JAn3z8AR6rjK8Sm8orRC0h/bcl/DqL7tRPdGZ4I1CjdF+EaMLmYxBHyXuKL849eucPFhvBoxMsflfOb8kxaeQ=="
    },
    "whatwg-url": {
      "version": "5.0.0",
      "resolved": "https://registry.npmjs.org/whatwg-url/-/whatwg-url-5.0.0.tgz",
      "integrity": "sha512-saE57nupxk6v3HY35+jzBwYa0rKSy0XR8JSxZPwgLr7ys0IBzhGviA1/TUGJLmSVqs8pb9AnvICXEuOHLprYTw==",
      "requires": {
        "tr46": "~0.0.3",
        "webidl-conversions": "^3.0.0"
      }
    }
  }
}
